
Microsoft Visual Studio Solution File, Format Version 12.00
# Visual Studio Version 16
VisualStudioVersion = 25.0.1700.6
MinimumVisualStudioVersion = 10.0.40219.1
Project("{FAE04EC0-301F-11D3-BF4B-00C04F79EFBC}") = "T09-Ejercicio3", "T09-Ejercicio3.csproj", "{86DF8183-6F56-44CD-B12B-DD8A0492D0A8}"
EndProject
Global
	GlobalSection(SolutionConfigurationPlatforms) = preSolution
		Debug|Any CPU = Debug|Any CPU
		Release|Any CPU = Release|Any CPU
	EndGlobalSection
	GlobalSection(ProjectConfigurationPlatforms) = postSolution
		{86DF8183-6F56-44CD-B12B-DD8A0492D0A8}.Debug|Any CPU.ActiveCfg = Debug|Any CPU
		{86DF8183-6F56-44CD-B12B-DD8A0492D0A8}.Debug|Any CPU.Build.0 = Debug|Any CPU
		{86DF8183-6F56-44CD-B12B-DD8A0492D0A8}.Release|Any CPU.ActiveCfg = Release|Any CPU
		{86DF8183-6F56-44CD-B12B-DD8A0492D0A8}.Release|Any CPU.Build.0 = Release|Any CPU
	EndGlobalSection
	GlobalSection(SolutionProperties) = preSolution
		HideSolutionNode = FALSE
	EndGlobalSection
	GlobalSection(ExtensibilityGlobals) = postSolution
		SolutionGuid = {71A917D2-5BE9-452D-B69D-692F9DE95D6C}
	EndGlobalSection
EndGlobal
